
Microsoft Visual Studio Solution File, Format Version 12.00
# Visual Studio Version 17
VisualStudioVersion = 17.11.35303.130
MinimumVisualStudioVersion = 10.0.40219.1
Project("{FAE04EC0-301F-11D3-BF4B-00C04F79EFBC}") = "PessoasAPI", "PessoasAPI\PessoasAPI.csproj", "{01FFEC78-1740-47BF-8772-9B9B31449EA6}"
EndProject
Global
	GlobalSection(SolutionConfigurationPlatforms) = preSolution
		Debug|Any CPU = Debug|Any CPU
		Release|Any CPU = Release|Any CPU
	EndGlobalSection
	GlobalSection(ProjectConfigurationPlatforms) = postSolution
		{01FFEC78-1740-47BF-8772-9B9B31449EA6}.Debug|Any CPU.ActiveCfg = Debug|Any CPU
		{01FFEC78-1740-47BF-8772-9B9B31449EA6}.Debug|Any CPU.Build.0 = Debug|Any CPU
		{01FFEC78-1740-47BF-8772-9B9B31449EA6}.Release|Any CPU.ActiveCfg = Release|Any CPU
		{01FFEC78-1740-47BF-8772-9B9B31449EA6}.Release|Any CPU.Build.0 = Release|Any CPU
	EndGlobalSection
	GlobalSection(SolutionProperties) = preSolution
		HideSolutionNode = FALSE
	EndGlobalSection
	GlobalSection(ExtensibilityGlobals) = postSolution
		SolutionGuid = {AD161F1F-7E01-4BCE-86EC-B4AA9DE2EFEB}
	EndGlobalSection
EndGlobal
